
Microsoft Visual Studio Solution File, Format Version 12.00
# Visual Studio Version 17
VisualStudioVersion = 17.7.34024.191
MinimumVisualStudioVersion = 10.0.40219.1
Project("{8BC9CEB8-8B4A-11D0-8D11-00A0C91BC942}") = "CudaRuntime2", "CudaRuntime2.vcxproj", "{FB885EEC-B4C8-4EB2-96E0-3BE066A54BDE}"
EndProject
Global
	GlobalSection(SolutionConfigurationPlatforms) = preSolution
		Debug|x64 = Debug|x64
		Release|x64 = Release|x64
	EndGlobalSection
	GlobalSection(ProjectConfigurationPlatforms) = postSolution
		{FB885EEC-B4C8-4EB2-96E0-3BE066A54BDE}.Debug|x64.ActiveCfg = Debug|x64
		{FB885EEC-B4C8-4EB2-96E0-3BE066A54BDE}.Debug|x64.Build.0 = Debug|x64
		{FB885EEC-B4C8-4EB2-96E0-3BE066A54BDE}.Release|x64.ActiveCfg = Release|x64
		{FB885EEC-B4C8-4EB2-96E0-3BE066A54BDE}.Release|x64.Build.0 = Release|x64
	EndGlobalSection
	GlobalSection(SolutionProperties) = preSolution
		HideSolutionNode = FALSE
	EndGlobalSection
	GlobalSection(ExtensibilityGlobals) = postSolution
		SolutionGuid = {237A52A6-2D49-405B-A496-2B7D84851647}
	EndGlobalSection
EndGlobal
